
Microsoft Visual Studio Solution File, Format Version 12.00
# Visual Studio 15
VisualStudioVersion = 15.0.28010.2036
MinimumVisualStudioVersion = 10.0.40219.1
Project("{F184B08F-C81C-45F6-A57F-5ABD9991F28F}") = "BarajaCartas", "main\BarajaCartas.vbproj", "{51887DAC-F11F-4A1F-9738-7117B126CA3E}"
EndProject
Global
	GlobalSection(SolutionConfigurationPlatforms) = preSolution
		Debug|Any CPU = Debug|Any CPU
		Release|Any CPU = Release|Any CPU
	EndGlobalSection
	GlobalSection(ProjectConfigurationPlatforms) = postSolution
		{51887DAC-F11F-4A1F-9738-7117B126CA3E}.Debug|Any CPU.ActiveCfg = Debug|Any CPU
		{51887DAC-F11F-4A1F-9738-7117B126CA3E}.Debug|Any CPU.Build.0 = Debug|Any CPU
		{51887DAC-F11F-4A1F-9738-7117B126CA3E}.Release|Any CPU.ActiveCfg = Release|Any CPU
		{51887DAC-F11F-4A1F-9738-7117B126CA3E}.Release|Any CPU.Build.0 = Release|Any CPU
	EndGlobalSection
	GlobalSection(SolutionProperties) = preSolution
		HideSolutionNode = FALSE
	EndGlobalSection
	GlobalSection(ExtensibilityGlobals) = postSolution
		SolutionGuid = {38E3AFD9-FB54-46F8-ABB1-B33C76F906FC}
	EndGlobalSection
EndGlobal
